// !$*UTF8*$!
{
	archiveVersion = 1;
	classes = {
	};
	objectVersion = 51;
	objects = {

/* Begin PBXBuildFile section */
		B34647B722C24877ABCC6BE1 /* Pods_GradientLabelDemo.framework in Frameworks */ = {isa = PBXBuildFile; fileRef = B5214BFD2FDD2946EF28E440 /* Pods_GradientLabelDemo.framework */; };
		B46502932780943F00414853 /* AppDelegate.swift in Sources */ = {isa = PBXBuildFile; fileRef = B46502922780943F00414853 /* AppDelegate.swift */; };
		B46502952780943F00414853 /* SceneDelegate.swift in Sources */ = {isa = PBXBuildFile; fileRef = B46502942780943F00414853 /* SceneDelegate.swift */; };
		B46502972780943F00414853 /* ViewController.swift in Sources */ = {isa = PBXBuildFile; fileRef = B46502962780943F00414853 /* ViewController.swift */; };
		B465029A2780943F00414853 /* Main.storyboard in Resources */ = {isa = PBXBuildFile; fileRef = B46502982780943F00414853 /* Main.storyboard */; };
		B465029C2780944000414853 /* Assets.xcassets in Resources */ = {isa = PBXBuildFile; fileRef = B465029B2780944000414853 /* Assets.xcassets */; };
		B465029F2780944000414853 /* LaunchScreen.storyboard in Resources */ = {isa = PBXBuildFile; fileRef = B465029D2780944000414853 /* LaunchScreen.storyboard */; };
		B46502A72780970300414853 /* GradientLayerLabelView.swift in Sources */ = {isa = PBXBuildFile; fileRef = B46502A62780970300414853 /* GradientLayerLabelView.swift */; };
		B4E291DA2780ACF500F77738 /* GradientPatternLabelView.swift in Sources */ = {isa = PBXBuildFile; fileRef = B4E291D92780ACF500F77738 /* GradientPatternLabelView.swift */; };
		B4E291DE2780B0C200F77738 /* ConvertGradientImage.m in Sources */ = {isa = PBXBuildFile; fileRef = B4E291DD2780B0C200F77738 /* ConvertGradientImage.m */; };
/* End PBXBuildFile section */

/* Begin PBXFileReference section */
		69F1A3462830BD34AD54D0F1 /* Pods-GradientLabelDemo.release.xcconfig */ = {isa = PBXFileReference; includeInIndex = 1; lastKnownFileType = text.xcconfig; name = "Pods-GradientLabelDemo.release.xcconfig"; path = "Target Support Files/Pods-GradientLabelDemo/Pods-GradientLabelDemo.release.xcconfig"; sourceTree = "<group>"; };
		B465028F2780943F00414853 /* GradientLabelDemo.app */ = {isa = PBXFileReference; explicitFileType = wrapper.application; includeInIndex = 0; path = GradientLabelDemo.app; sourceTree = BUILT_PRODUCTS_DIR; };
		B46502922780943F00414853 /* AppDelegate.swift */ = {isa = PBXFileReference; lastKnownFileType = sourcecode.swift; path = AppDelegate.swift; sourceTree = "<group>"; };
		B46502942780943F00414853 /* SceneDelegate.swift */ = {isa = PBXFileReference; lastKnownFileType = sourcecode.swift; path = SceneDelegate.swift; sourceTree = "<group>"; };
		B46502962780943F00414853 /* ViewController.swift */ = {isa = PBXFileReference; lastKnownFileType = sourcecode.swift; path = ViewController.swift; sourceTree = "<group>"; };
		B46502992780943F00414853 /* Base */ = {isa = PBXFileReference; lastKnownFileType = file.storyboard; name = Base; path = Base.lproj/Main.storyboard; sourceTree = "<group>"; };
		B465029B2780944000414853 /* Assets.xcassets */ = {isa = PBXFileReference; lastKnownFileType = folder.assetcatalog; path = Assets.xcassets; sourceTree = "<group>"; };
		B465029E2780944000414853 /* Base */ = {isa = PBXFileReference; lastKnownFileType = file.storyboard; name = Base; path = Base.lproj/LaunchScreen.storyboard; sourceTree = "<group>"; };
		B46502A02780944000414853 /* Info.plist */ = {isa = PBXFileReference; lastKnownFileType = text.plist.xml; path = Info.plist; sourceTree = "<group>"; };
		B46502A62780970300414853 /* GradientLayerLabelView.swift */ = {isa = PBXFileReference; lastKnownFileType = sourcecode.swift; path = GradientLayerLabelView.swift; sourceTree = "<group>"; };
		B4E291D92780ACF500F77738 /* GradientPatternLabelView.swift */ = {isa = PBXFileReference; lastKnownFileType = sourcecode.swift; path = GradientPatternLabelView.swift; sourceTree = "<group>"; };
		B4E291DB2780B0C200F77738 /* GradientLabelDemo-Bridging-Header.h */ = {isa = PBXFileReference; lastKnownFileType = sourcecode.c.h; path = "GradientLabelDemo-Bridging-Header.h"; sourceTree = "<group>"; };
		B4E291DC2780B0C200F77738 /* ConvertGradientImage.h */ = {isa = PBXFileReference; lastKnownFileType = sourcecode.c.h; path = ConvertGradientImage.h; sourceTree = "<group>"; };
		B4E291DD2780B0C200F77738 /* ConvertGradientImage.m */ = {isa = PBXFileReference; lastKnownFileType = sourcecode.c.objc; path = ConvertGradientImage.m; sourceTree = "<group>"; };
		B5214BFD2FDD2946EF28E440 /* Pods_GradientLabelDemo.framework */ = {isa = PBXFileReference; explicitFileType = wrapper.framework; includeInIndex = 0; path = Pods_GradientLabelDemo.framework; sourceTree = BUILT_PRODUCTS_DIR; };
		DF2CE4EB5BB9BB5D29C02342 /* Pods-GradientLabelDemo.debug.xcconfig */ = {isa = PBXFileReference; includeInIndex = 1; lastKnownFileType = text.xcconfig; name = "Pods-GradientLabelDemo.debug.xcconfig"; path = "Target Support Files/Pods-GradientLabelDemo/Pods-GradientLabelDemo.debug.xcconfig"; sourceTree = "<group>"; };
/* End PBXFileReference section */

/* Begin PBXFrameworksBuildPhase section */
		B465028C2780943F00414853 /* Frameworks */ = {
			isa = PBXFrameworksBuildPhase;
			buildActionMask = 2147483647;
			files = (
				B34647B722C24877ABCC6BE1 /* Pods_GradientLabelDemo.framework in Frameworks */,
			);
			runOnlyForDeploymentPostprocessing = 0;
		};
/* End PBXFrameworksBuildPhase section */

/* Begin PBXGroup section */
		31AFC961DE9A43463D5BC955 /* Pods */ = {
			isa = PBXGroup;
			children = (
				DF2CE4EB5BB9BB5D29C02342 /* Pods-GradientLabelDemo.debug.xcconfig */,
				69F1A3462830BD34AD54D0F1 /* Pods-GradientLabelDemo.release.xcconfig */,
			);
			path = Pods;
			sourceTree = "<group>";
		};
		691159BCE6EEC2D1897CC53D /* Frameworks */ = {
			isa = PBXGroup;
			children = (
				B5214BFD2FDD2946EF28E440 /* Pods_GradientLabelDemo.framework */,
			);
			name = Frameworks;
			sourceTree = "<group>";
		};
		B46502862780943F00414853 = {
			isa = PBXGroup;
			children = (
				B46502912780943F00414853 /* GradientLabelDemo */,
				B46502902780943F00414853 /* Products */,
				31AFC961DE9A43463D5BC955 /* Pods */,
				691159BCE6EEC2D1897CC53D /* Frameworks */,
			);
			sourceTree = "<group>";
		};
		B46502902780943F00414853 /* Products */ = {
			isa = PBXGroup;
			children = (
				B465028F2780943F00414853 /* GradientLabelDemo.app */,
			);
			name = Products;
			sourceTree = "<group>";
		};
		B46502912780943F00414853 /* GradientLabelDemo */ = {
			isa = PBXGroup;
			children = (
				B46502922780943F00414853 /* AppDelegate.swift */,
				B46502942780943F00414853 /* SceneDelegate.swift */,
				B46502962780943F00414853 /* ViewController.swift */,
				B46502A62780970300414853 /* GradientLayerLabelView.swift */,
				B4E291D92780ACF500F77738 /* GradientPatternLabelView.swift */,
				B46502982780943F00414853 /* Main.storyboard */,
				B465029B2780944000414853 /* Assets.xcassets */,
				B465029D2780944000414853 /* LaunchScreen.storyboard */,
				B46502A02780944000414853 /* Info.plist */,
				B4E291DC2780B0C200F77738 /* ConvertGradientImage.h */,
				B4E291DD2780B0C200F77738 /* ConvertGradientImage.m */,
				B4E291DB2780B0C200F77738 /* GradientLabelDemo-Bridging-Header.h */,
			);
			path = GradientLabelDemo;
			sourceTree = "<group>";
		};
/* End PBXGroup section */

/* Begin PBXNativeTarget section */
		B465028E2780943F00414853 /* GradientLabelDemo */ = {
			isa = PBXNativeTarget;
			buildConfigurationList = B46502A32780944000414853 /* Build configuration list for PBXNativeTarget "GradientLabelDemo" */;
			buildPhases = (
				D7B73B689C69C06D290C65F3 /* [CP] Check Pods Manifest.lock */,
				B465028B2780943F00414853 /* Sources */,
				B465028C2780943F00414853 /* Frameworks */,
				B465028D2780943F00414853 /* Resources */,
				96E159E7A9309D46B4DBBC5D /* [CP] Embed Pods Frameworks */,
			);
			buildRules = (
			);
			dependencies = (
			);
			name = GradientLabelDemo;
			productName = GradientLabelDemo;
			productReference = B465028F2780943F00414853 /* GradientLabelDemo.app */;
			productType = "com.apple.product-type.application";
		};
/* End PBXNativeTarget section */

/* Begin PBXProject section */
		B46502872780943F00414853 /* Project object */ = {
			isa = PBXProject;
			attributes = {
				LastSwiftUpdateCheck = 1250;
				LastUpgradeCheck = 1250;
				TargetAttributes = {
					B465028E2780943F00414853 = {
						CreatedOnToolsVersion = 12.5;
						LastSwiftMigration = 1250;
					};
				};
			};
			buildConfigurationList = B465028A2780943F00414853 /* Build configuration list for PBXProject "GradientLabelDemo" */;
			compatibilityVersion = "Xcode 9.3";
			developmentRegion = en;
			hasScannedForEncodings = 0;
			knownRegions = (
				en,
				Base,
			);
			mainGroup = B46502862780943F00414853;
			productRefGroup = B46502902780943F00414853 /* Products */;
			projectDirPath = "";
			projectRoot = "";
			targets = (
				B465028E2780943F00414853 /* GradientLabelDemo */,
			);
		};
/* End PBXProject section */

/* Begin PBXResourcesBuildPhase section */
		B465028D2780943F00414853 /* Resources */ = {
			isa = PBXResourcesBuildPhase;
			buildActionMask = 2147483647;
			files = (
				B465029F2780944000414853 /* LaunchScreen.storyboard in Resources */,
				B465029C2780944000414853 /* Assets.xcassets in Resources */,
				B465029A2780943F00414853 /* Main.storyboard in Resources */,
			);
			runOnlyForDeploymentPostprocessing = 0;
		};
/* End PBXResourcesBuildPhase section */

/* Begin PBXShellScriptBuildPhase section */
		96E159E7A9309D46B4DBBC5D /* [CP] Embed Pods Frameworks */ = {
			isa = PBXShellScriptBuildPhase;
			buildActionMask = 2147483647;
			files = (
			);
			inputFileListPaths = (
				"${PODS_ROOT}/Target Support Files/Pods-GradientLabelDemo/Pods-GradientLabelDemo-frameworks-${CONFIGURATION}-input-files.xcfilelist",
			);
			name = "[CP] Embed Pods Frameworks";
			outputFileListPaths = (
				"${PODS_ROOT}/Target Support Files/Pods-GradientLabelDemo/Pods-GradientLabelDemo-frameworks-${CONFIGURATION}-output-files.xcfilelist",
			);
			runOnlyForDeploymentPostprocessing = 0;
			shellPath = /bin/sh;
			shellScript = "\"${PODS_ROOT}/Target Support Files/Pods-GradientLabelDemo/Pods-GradientLabelDemo-frameworks.sh\"\n";
			showEnvVarsInLog = 0;
		};
		D7B73B689C69C06D290C65F3 /* [CP] Check Pods Manifest.lock */ = {
			isa = PBXShellScriptBuildPhase;
			buildActionMask = 2147483647;
			files = (
			);
			inputFileListPaths = (
			);
			inputPaths = (
				"${PODS_PODFILE_DIR_PATH}/Podfile.lock",
				"${PODS_ROOT}/Manifest.lock",
			);
			name = "[CP] Check Pods Manifest.lock";
			outputFileListPaths = (
			);
			outputPaths = (
				"$(DERIVED_FILE_DIR)/Pods-GradientLabelDemo-checkManifestLockResult.txt",
			);
			runOnlyForDeploymentPostprocessing = 0;
			shellPath = /bin/sh;
			shellScript = "diff \"${PODS_PODFILE_DIR_PATH}/Podfile.lock\" \"${PODS_ROOT}/Manifest.lock\" > /dev/null\nif [ $? != 0 ] ; then\n    # print error to STDERR\n    echo \"error: The sandbox is not in sync with the Podfile.lock. Run 'pod install' or update your CocoaPods installation.\" >&2\n    exit 1\nfi\n# This output is used by Xcode 'outputs' to avoid re-running this script phase.\necho \"SUCCESS\" > \"${SCRIPT_OUTPUT_FILE_0}\"\n";
			showEnvVarsInLog = 0;
		};
/* End PBXShellScriptBuildPhase section */

/* Begin PBXSourcesBuildPhase section */
		B465028B2780943F00414853 /* Sources */ = {
			isa = PBXSourcesBuildPhase;
			buildActionMask = 2147483647;
			files = (
				B46502972780943F00414853 /* ViewController.swift in Sources */,
				B4E291DA2780ACF500F77738 /* GradientPatternLabelView.swift in Sources */,
				B46502A72780970300414853 /* GradientLayerLabelView.swift in Sources */,
				B4E291DE2780B0C200F77738 /* ConvertGradientImage.m in Sources */,
				B46502932780943F00414853 /* AppDelegate.swift in Sources */,
				B46502952780943F00414853 /* SceneDelegate.swift in Sources */,
			);
			runOnlyForDeploymentPostprocessing = 0;
		};
/* End PBXSourcesBuildPhase section */

/* Begin PBXVariantGroup section */
		B46502982780943F00414853 /* Main.storyboard */ = {
			isa = PBXVariantGroup;
			children = (
				B46502992780943F00414853 /* Base */,
			);
			name = Main.storyboard;
			sourceTree = "<group>";
		};
		B465029D2780944000414853 /* LaunchScreen.storyboard */ = {
			isa = PBXVariantGroup;
			children = (
				B465029E2780944000414853 /* Base */,
			);
			name = LaunchScreen.storyboard;
			sourceTree = "<group>";
		};
/* End PBXVariantGroup section */

/* Begin XCBuildConfiguration section */
		B46502A12780944000414853 /* Debug */ = {
			isa = XCBuildConfiguration;
			buildSettings = {
				ALWAYS_SEARCH_USER_PATHS = NO;
				CLANG_ANALYZER_NONNULL = YES;
				CLANG_ANALYZER_NUMBER_OBJECT_CONVERSION = YES_AGGRESSIVE;
				CLANG_CXX_LANGUAGE_STANDARD = "gnu++14";
				CLANG_CXX_LIBRARY = "libc++";
				CLANG_ENABLE_MODULES = YES;
				CLANG_ENABLE_OBJC_ARC = YES;
				CLANG_ENABLE_OBJC_WEAK = YES;
				CLANG_WARN_BLOCK_CAPTURE_AUTORELEASING = YES;
				CLANG_WARN_BOOL_CONVERSION = YES;
				CLANG_WARN_COMMA = YES;
				CLANG_WARN_CONSTANT_CONVERSION = YES;
				CLANG_WARN_DEPRECATED_OBJC_IMPLEMENTATIONS = YES;
				CLANG_WARN_DIRECT_OBJC_ISA_USAGE = YES_ERROR;
				CLANG_WARN_DOCUMENTATION_COMMENTS = YES;
				CLANG_WARN_EMPTY_BODY = YES;
				CLANG_WARN_ENUM_CONVERSION = YES;
				CLANG_WARN_INFINITE_RECURSION = YES;
				CLANG_WARN_INT_CONVERSION = YES;
				CLANG_WARN_NON_LITERAL_NULL_CONVERSION = YES;
				CLANG_WARN_OBJC_IMPLICIT_RETAIN_SELF = YES;
				CLANG_WARN_OBJC_LITERAL_CONVERSION = YES;
				CLANG_WARN_OBJC_ROOT_CLASS = YES_ERROR;
				CLANG_WARN_QUOTED_INCLUDE_IN_FRAMEWORK_HEADER = YES;
				CLANG_WARN_RANGE_LOOP_ANALYSIS = YES;
				CLANG_WARN_STRICT_PROTOTYPES = YES;
				CLANG_WARN_SUSPICIOUS_MOVE = YES;
				CLANG_WARN_UNGUARDED_AVAILABILITY = YES_AGGRESSIVE;
				CLANG_WARN_UNREACHABLE_CODE = YES;
				CLANG_WARN__DUPLICATE_METHOD_MATCH = YES;
				COPY_PHASE_STRIP = NO;
				DEBUG_INFORMATION_FORMAT = dwarf;
				ENABLE_STRICT_OBJC_MSGSEND = YES;
				ENABLE_TESTABILITY = YES;
				GCC_C_LANGUAGE_STANDARD = gnu11;
				GCC_DYNAMIC_NO_PIC = NO;
				GCC_NO_COMMON_BLOCKS = YES;
				GCC_OPTIMIZATION_LEVEL = 0;
				GCC_PREPROCESSOR_DEFINITIONS = (
					"DEBUG=1",
					"$(inherited)",
				);
				GCC_WARN_64_TO_32_BIT_CONVERSION = YES;
				GCC_WARN_ABOUT_RETURN_TYPE = YES_ERROR;
				GCC_WARN_UNDECLARED_SELECTOR = YES;
				GCC_WARN_UNINITIALIZED_AUTOS = YES_AGGRESSIVE;
				GCC_WARN_UNUSED_FUNCTION = YES;
				GCC_WARN_UNUSED_VARIABLE = YES;
				IPHONEOS_DEPLOYMENT_TARGET = 14.5;
				MTL_ENABLE_DEBUG_INFO = INCLUDE_SOURCE;
				MTL_FAST_MATH = YES;
				ONLY_ACTIVE_ARCH = YES;
				SDKROOT = iphoneos;
				SWIFT_ACTIVE_COMPILATION_CONDITIONS = DEBUG;
				SWIFT_OPTIMIZATION_LEVEL = "-Onone";
			};
			name = Debug;
		};
		B46502A22780944000414853 /* Release */ = {
			isa = XCBuildConfiguration;
			buildSettings = {
				ALWAYS_SEARCH_USER_PATHS = NO;
				CLANG_ANALYZER_NONNULL = YES;
				CLANG_ANALYZER_NUMBER_OBJECT_CONVERSION = YES_AGGRESSIVE;
				CLANG_CXX_LANGUAGE_STANDARD = "gnu++14";
				CLANG_CXX_LIBRARY = "libc++";
				CLANG_ENABLE_MODULES = YES;
				CLANG_ENABLE_OBJC_ARC = YES;
				CLANG_ENABLE_OBJC_WEAK = YES;
				CLANG_WARN_BLOCK_CAPTURE_AUTORELEASING = YES;
				CLANG_WARN_BOOL_CONVERSION = YES;
				CLANG_WARN_COMMA = YES;
				CLANG_WARN_CONSTANT_CONVERSION = YES;
				CLANG_WARN_DEPRECATED_OBJC_IMPLEMENTATIONS = YES;
				CLANG_WARN_DIRECT_OBJC_ISA_USAGE = YES_ERROR;
				CLANG_WARN_DOCUMENTATION_COMMENTS = YES;
				CLANG_WARN_EMPTY_BODY = YES;
				CLANG_WARN_ENUM_CONVERSION = YES;
				CLANG_WARN_INFINITE_RECURSION = YES;
				CLANG_WARN_INT_CONVERSION = YES;
				CLANG_WARN_NON_LITERAL_NULL_CONVERSION = YES;
				CLANG_WARN_OBJC_IMPLICIT_RETAIN_SELF = YES;
				CLANG_WARN_OBJC_LITERAL_CONVERSION = YES;
				CLANG_WARN_OBJC_ROOT_CLASS = YES_ERROR;
				CLANG_WARN_QUOTED_INCLUDE_IN_FRAMEWORK_HEADER = YES;
				CLANG_WARN_RANGE_LOOP_ANALYSIS = YES;
				CLANG_WARN_STRICT_PROTOTYPES = YES;
				CLANG_WARN_SUSPICIOUS_MOVE = YES;
				CLANG_WARN_UNGUARDED_AVAILABILITY = YES_AGGRESSIVE;
				CLANG_WARN_UNREACHABLE_CODE = YES;
				CLANG_WARN__DUPLICATE_METHOD_MATCH = YES;
				COPY_PHASE_STRIP = NO;
				DEBUG_INFORMATION_FORMAT = "dwarf-with-dsym";
				ENABLE_NS_ASSERTIONS = NO;
				ENABLE_STRICT_OBJC_MSGSEND = YES;
				GCC_C_LANGUAGE_STANDARD = gnu11;
				GCC_NO_COMMON_BLOCKS = YES;
				GCC_WARN_64_TO_32_BIT_CONVERSION = YES;
				GCC_WARN_ABOUT_RETURN_TYPE = YES_ERROR;
				GCC_WARN_UNDECLARED_SELECTOR = YES;
				GCC_WARN_UNINITIALIZED_AUTOS = YES_AGGRESSIVE;
				GCC_WARN_UNUSED_FUNCTION = YES;
				GCC_WARN_UNUSED_VARIABLE = YES;
				IPHONEOS_DEPLOYMENT_TARGET = 14.5;
				MTL_ENABLE_DEBUG_INFO = NO;
				MTL_FAST_MATH = YES;
				SDKROOT = iphoneos;
				SWIFT_COMPILATION_MODE = wholemodule;
				SWIFT_OPTIMIZATION_LEVEL = "-O";
				VALIDATE_PRODUCT = YES;
			};
			name = Release;
		};
		B46502A42780944000414853 /* Debug */ = {
			isa = XCBuildConfiguration;
			baseConfigurationReference = DF2CE4EB5BB9BB5D29C02342 /* Pods-GradientLabelDemo.debug.xcconfig */;
			buildSettings = {
				ASSETCATALOG_COMPILER_APPICON_NAME = AppIcon;
				ASSETCATALOG_COMPILER_GLOBAL_ACCENT_COLOR_NAME = AccentColor;
				CLANG_ENABLE_MODULES = YES;
				CODE_SIGN_STYLE = Automatic;
				DEVELOPMENT_TEAM = 4L75765R87;
				INFOPLIST_FILE = GradientLabelDemo/Info.plist;
				LD_RUNPATH_SEARCH_PATHS = (
					"$(inherited)",
					"@executable_path/Frameworks",
				);
				PRODUCT_BUNDLE_IDENTIFIER = JerryFans.GradientLabelDemo;
				PRODUCT_NAME = "$(TARGET_NAME)";
				SWIFT_OBJC_BRIDGING_HEADER = "GradientLabelDemo/GradientLabelDemo-Bridging-Header.h";
				SWIFT_OPTIMIZATION_LEVEL = "-Onone";
				SWIFT_VERSION = 5.0;
				TARGETED_DEVICE_FAMILY = "1,2";
			};
			name = Debug;
		};
		B46502A52780944000414853 /* Release */ = {
			isa = XCBuildConfiguration;
			baseConfigurationReference = 69F1A3462830BD34AD54D0F1 /* Pods-GradientLabelDemo.release.xcconfig */;
			buildSettings = {
				ASSETCATALOG_COMPILER_APPICON_NAME = AppIcon;
				ASSETCATALOG_COMPILER_GLOBAL_ACCENT_COLOR_NAME = AccentColor;
				CLANG_ENABLE_MODULES = YES;
				CODE_SIGN_STYLE = Automatic;
				DEVELOPMENT_TEAM = 4L75765R87;
				INFOPLIST_FILE = GradientLabelDemo/Info.plist;
				LD_RUNPATH_SEARCH_PATHS = (
					"$(inherited)",
					"@executable_path/Frameworks",
				);
				PRODUCT_BUNDLE_IDENTIFIER = JerryFans.GradientLabelDemo;
				PRODUCT_NAME = "$(TARGET_NAME)";
				SWIFT_OBJC_BRIDGING_HEADER = "GradientLabelDemo/GradientLabelDemo-Bridging-Header.h";
				SWIFT_VERSION = 5.0;
				TARGETED_DEVICE_FAMILY = "1,2";
			};
			name = Release;
		};
/* End XCBuildConfiguration section */

/* Begin XCConfigurationList section */
		B465028A2780943F00414853 /* Build configuration list for PBXProject "GradientLabelDemo" */ = {
			isa = XCConfigurationList;
			buildConfigurations = (
				B46502A12780944000414853 /* Debug */,
				B46502A22780944000414853 /* Release */,
			);
			defaultConfigurationIsVisible = 0;
			defaultConfigurationName = Release;
		};
		B46502A32780944000414853 /* Build configuration list for PBXNativeTarget "GradientLabelDemo" */ = {
			isa = XCConfigurationList;
			buildConfigurations = (
				B46502A42780944000414853 /* Debug */,
				B46502A52780944000414853 /* Release */,
			);
			defaultConfigurationIsVisible = 0;
			defaultConfigurationName = Release;
		};
/* End XCConfigurationList section */
	};
	rootObject = B46502872780943F00414853 /* Project object */;
}
